
Microsoft Visual Studio Solution File, Format Version 12.00
# Visual Studio Version 17
VisualStudioVersion = 17.14.36429.23
MinimumVisualStudioVersion = 10.0.40219.1
Project("{FAE04EC0-301F-11D3-BF4B-00C04F79EFBC}") = "Delegates", "Delegates\Delegates.csproj", "{6AE14DC1-98DB-4B90-BD74-AB099AEC46CB}"
EndProject
Project("{FAE04EC0-301F-11D3-BF4B-00C04F79EFBC}") = "DelegatesMulticast", "DelegatesMulticast\DelegatesMulticast.csproj", "{681DF8DA-3235-4FAC-8468-07BF28C09C6E}"
EndProject
Project("{FAE04EC0-301F-11D3-BF4B-00C04F79EFBC}") = "MetodosAnonimos", "MetodosAnonimos\MetodosAnonimos.csproj", "{FE31FFB4-7EF5-4F72-A729-E541AF8FDD08}"
EndProject
Project("{FAE04EC0-301F-11D3-BF4B-00C04F79EFBC}") = "ExpressoesLambda", "ExpressoesLambda\ExpressoesLambda.csproj", "{0033A51A-35A5-416A-917F-04A1FB2B2163}"
EndProject
Project("{FAE04EC0-301F-11D3-BF4B-00C04F79EFBC}") = "DelegatePredicate", "DelegatePredicate\DelegatePredicate.csproj", "{B34E01A6-9F66-4AC1-A70D-95365832C68A}"
EndProject
Project("{FAE04EC0-301F-11D3-BF4B-00C04F79EFBC}") = "DelegateAction", "DelegateAction\DelegateAction.csproj", "{B5DC47FE-504E-43BD-BE9A-749B9302942C}"
EndProject
Project("{FAE04EC0-301F-11D3-BF4B-00C04F79EFBC}") = "DelegateFunc", "DelegateFunc\DelegateFunc.csproj", "{4C805775-0CA3-4F32-B19E-CA65A5CE755C}"
EndProject
Project("{FAE04EC0-301F-11D3-BF4B-00C04F79EFBC}") = "ExercicioDelegate", "ExercicioDelegate\ExercicioDelegate.csproj", "{829BD579-546E-4926-AC2F-1C09C8D03441}"
EndProject
Project("{FAE04EC0-301F-11D3-BF4B-00C04F79EFBC}") = "Eventos", "Eventos\Eventos.csproj", "{9A1C0CDE-F14C-43E0-B53B-9FBF386AA589}"
EndProject
Project("{FAE04EC0-301F-11D3-BF4B-00C04F79EFBC}") = "EventHandler", "EventHandler\EventHandler.csproj", "{9A18B7E0-C671-49F8-BCD2-B64155205F72}"
EndProject
Project("{FAE04EC0-301F-11D3-BF4B-00C04F79EFBC}") = "EventHandler_TEventArgs", "EventHandler_TEventArgs\EventHandler_TEventArgs.csproj", "{F397B2E8-E371-437F-BACD-05C70542DF18}"
EndProject
Project("{FAE04EC0-301F-11D3-BF4B-00C04F79EFBC}") = "MetodosDeExtensao", "MetodosDeExtensao\MetodosDeExtensao.csproj", "{2FFF3E77-4EED-4739-9C47-0B7290BA49EF}"
EndProject
Project("{FAE04EC0-301F-11D3-BF4B-00C04F79EFBC}") = "LINQ", "LINQ\LINQ.csproj", "{3C95FC04-1860-4E24-833B-09C055E8AA7D}"
EndProject
Global
	GlobalSection(SolutionConfigurationPlatforms) = preSolution
		Debug|Any CPU = Debug|Any CPU
		Release|Any CPU = Release|Any CPU
	EndGlobalSection
	GlobalSection(ProjectConfigurationPlatforms) = postSolution
		{6AE14DC1-98DB-4B90-BD74-AB099AEC46CB}.Debug|Any CPU.ActiveCfg = Debug|Any CPU
		{6AE14DC1-98DB-4B90-BD74-AB099AEC46CB}.Debug|Any CPU.Build.0 = Debug|Any CPU
		{6AE14DC1-98DB-4B90-BD74-AB099AEC46CB}.Release|Any CPU.ActiveCfg = Release|Any CPU
		{6AE14DC1-98DB-4B90-BD74-AB099AEC46CB}.Release|Any CPU.Build.0 = Release|Any CPU
		{681DF8DA-3235-4FAC-8468-07BF28C09C6E}.Debug|Any CPU.ActiveCfg = Debug|Any CPU
		{681DF8DA-3235-4FAC-8468-07BF28C09C6E}.Debug|Any CPU.Build.0 = Debug|Any CPU
		{681DF8DA-3235-4FAC-8468-07BF28C09C6E}.Release|Any CPU.ActiveCfg = Release|Any CPU
		{681DF8DA-3235-4FAC-8468-07BF28C09C6E}.Release|Any CPU.Build.0 = Release|Any CPU
		{FE31FFB4-7EF5-4F72-A729-E541AF8FDD08}.Debug|Any CPU.ActiveCfg = Debug|Any CPU
		{FE31FFB4-7EF5-4F72-A729-E541AF8FDD08}.Debug|Any CPU.Build.0 = Debug|Any CPU
		{FE31FFB4-7EF5-4F72-A729-E541AF8FDD08}.Release|Any CPU.ActiveCfg = Release|Any CPU
		{FE31FFB4-7EF5-4F72-A729-E541AF8FDD08}.Release|Any CPU.Build.0 = Release|Any CPU
		{0033A51A-35A5-416A-917F-04A1FB2B2163}.Debug|Any CPU.ActiveCfg = Debug|Any CPU
		{0033A51A-35A5-416A-917F-04A1FB2B2163}.Debug|Any CPU.Build.0 = Debug|Any CPU
		{0033A51A-35A5-416A-917F-04A1FB2B2163}.Release|Any CPU.ActiveCfg = Release|Any CPU
		{0033A51A-35A5-416A-917F-04A1FB2B2163}.Release|Any CPU.Build.0 = Release|Any CPU
		{B34E01A6-9F66-4AC1-A70D-95365832C68A}.Debug|Any CPU.ActiveCfg = Debug|Any CPU
		{B34E01A6-9F66-4AC1-A70D-95365832C68A}.Debug|Any CPU.Build.0 = Debug|Any CPU
		{B34E01A6-9F66-4AC1-A70D-95365832C68A}.Release|Any CPU.ActiveCfg = Release|Any CPU
		{B34E01A6-9F66-4AC1-A70D-95365832C68A}.Release|Any CPU.Build.0 = Release|Any CPU
		{B5DC47FE-504E-43BD-BE9A-749B9302942C}.Debug|Any CPU.ActiveCfg = Debug|Any CPU
		{B5DC47FE-504E-43BD-BE9A-749B9302942C}.Debug|Any CPU.Build.0 = Debug|Any CPU
		{B5DC47FE-504E-43BD-BE9A-749B9302942C}.Release|Any CPU.ActiveCfg = Release|Any CPU
		{B5DC47FE-504E-43BD-BE9A-749B9302942C}.Release|Any CPU.Build.0 = Release|Any CPU
		{4C805775-0CA3-4F32-B19E-CA65A5CE755C}.Debug|Any CPU.ActiveCfg = Debug|Any CPU
		{4C805775-0CA3-4F32-B19E-CA65A5CE755C}.Debug|Any CPU.Build.0 = Debug|Any CPU
		{4C805775-0CA3-4F32-B19E-CA65A5CE755C}.Release|Any CPU.ActiveCfg = Release|Any CPU
		{4C805775-0CA3-4F32-B19E-CA65A5CE755C}.Release|Any CPU.Build.0 = Release|Any CPU
		{829BD579-546E-4926-AC2F-1C09C8D03441}.Debug|Any CPU.ActiveCfg = Debug|Any CPU
		{829BD579-546E-4926-AC2F-1C09C8D03441}.Debug|Any CPU.Build.0 = Debug|Any CPU
		{829BD579-546E-4926-AC2F-1C09C8D03441}.Release|Any CPU.ActiveCfg = Release|Any CPU
		{829BD579-546E-4926-AC2F-1C09C8D03441}.Release|Any CPU.Build.0 = Release|Any CPU
		{9A1C0CDE-F14C-43E0-B53B-9FBF386AA589}.Debug|Any CPU.ActiveCfg = Debug|Any CPU
		{9A1C0CDE-F14C-43E0-B53B-9FBF386AA589}.Debug|Any CPU.Build.0 = Debug|Any CPU
		{9A1C0CDE-F14C-43E0-B53B-9FBF386AA589}.Release|Any CPU.ActiveCfg = Release|Any CPU
		{9A1C0CDE-F14C-43E0-B53B-9FBF386AA589}.Release|Any CPU.Build.0 = Release|Any CPU
		{9A18B7E0-C671-49F8-BCD2-B64155205F72}.Debug|Any CPU.ActiveCfg = Debug|Any CPU
		{9A18B7E0-C671-49F8-BCD2-B64155205F72}.Debug|Any CPU.Build.0 = Debug|Any CPU
		{9A18B7E0-C671-49F8-BCD2-B64155205F72}.Release|Any CPU.ActiveCfg = Release|Any CPU
		{9A18B7E0-C671-49F8-BCD2-B64155205F72}.Release|Any CPU.Build.0 = Release|Any CPU
		{F397B2E8-E371-437F-BACD-05C70542DF18}.Debug|Any CPU.ActiveCfg = Debug|Any CPU
		{F397B2E8-E371-437F-BACD-05C70542DF18}.Debug|Any CPU.Build.0 = Debug|Any CPU
		{F397B2E8-E371-437F-BACD-05C70542DF18}.Release|Any CPU.ActiveCfg = Release|Any CPU
		{F397B2E8-E371-437F-BACD-05C70542DF18}.Release|Any CPU.Build.0 = Release|Any CPU
		{2FFF3E77-4EED-4739-9C47-0B7290BA49EF}.Debug|Any CPU.ActiveCfg = Debug|Any CPU
		{2FFF3E77-4EED-4739-9C47-0B7290BA49EF}.Debug|Any CPU.Build.0 = Debug|Any CPU
		{2FFF3E77-4EED-4739-9C47-0B7290BA49EF}.Release|Any CPU.ActiveCfg = Release|Any CPU
		{2FFF3E77-4EED-4739-9C47-0B7290BA49EF}.Release|Any CPU.Build.0 = Release|Any CPU
		{3C95FC04-1860-4E24-833B-09C055E8AA7D}.Debug|Any CPU.ActiveCfg = Debug|Any CPU
		{3C95FC04-1860-4E24-833B-09C055E8AA7D}.Debug|Any CPU.Build.0 = Debug|Any CPU
		{3C95FC04-1860-4E24-833B-09C055E8AA7D}.Release|Any CPU.ActiveCfg = Release|Any CPU
		{3C95FC04-1860-4E24-833B-09C055E8AA7D}.Release|Any CPU.Build.0 = Release|Any CPU
	EndGlobalSection
	GlobalSection(SolutionProperties) = preSolution
		HideSolutionNode = FALSE
	EndGlobalSection
	GlobalSection(ExtensibilityGlobals) = postSolution
		SolutionGuid = {45DE5BD7-1BFD-40B8-89A4-8BE57B9464CA}
	EndGlobalSection
EndGlobal
