
Microsoft Visual Studio Solution File, Format Version 12.00
# Visual Studio Version 17
VisualStudioVersion = 17.14.36429.23
MinimumVisualStudioVersion = 10.0.40219.1
Project("{FAE04EC0-301F-11D3-BF4B-00C04F79EFBC}") = "ClasseFile", "ClasseFile\ClasseFile.csproj", "{01591B1F-2F77-4F4E-BBB0-32E73CCD7ACE}"
EndProject
Project("{FAE04EC0-301F-11D3-BF4B-00C04F79EFBC}") = "ClassFileInfo", "ClassFileInfo\ClassFileInfo.csproj", "{FE585E2A-A867-4D89-A45F-18E63D0F14C1}"
EndProject
Project("{FAE04EC0-301F-11D3-BF4B-00C04F79EFBC}") = "Directory", "Directory\Directory.csproj", "{DECFCFA7-9B54-4A54-8D87-192D5C6D84A4}"
EndProject
Global
	GlobalSection(SolutionConfigurationPlatforms) = preSolution
		Debug|Any CPU = Debug|Any CPU
		Release|Any CPU = Release|Any CPU
	EndGlobalSection
	GlobalSection(ProjectConfigurationPlatforms) = postSolution
		{01591B1F-2F77-4F4E-BBB0-32E73CCD7ACE}.Debug|Any CPU.ActiveCfg = Debug|Any CPU
		{01591B1F-2F77-4F4E-BBB0-32E73CCD7ACE}.Debug|Any CPU.Build.0 = Debug|Any CPU
		{01591B1F-2F77-4F4E-BBB0-32E73CCD7ACE}.Release|Any CPU.ActiveCfg = Release|Any CPU
		{01591B1F-2F77-4F4E-BBB0-32E73CCD7ACE}.Release|Any CPU.Build.0 = Release|Any CPU
		{FE585E2A-A867-4D89-A45F-18E63D0F14C1}.Debug|Any CPU.ActiveCfg = Debug|Any CPU
		{FE585E2A-A867-4D89-A45F-18E63D0F14C1}.Debug|Any CPU.Build.0 = Debug|Any CPU
		{FE585E2A-A867-4D89-A45F-18E63D0F14C1}.Release|Any CPU.ActiveCfg = Release|Any CPU
		{FE585E2A-A867-4D89-A45F-18E63D0F14C1}.Release|Any CPU.Build.0 = Release|Any CPU
		{DECFCFA7-9B54-4A54-8D87-192D5C6D84A4}.Debug|Any CPU.ActiveCfg = Debug|Any CPU
		{DECFCFA7-9B54-4A54-8D87-192D5C6D84A4}.Debug|Any CPU.Build.0 = Debug|Any CPU
		{DECFCFA7-9B54-4A54-8D87-192D5C6D84A4}.Release|Any CPU.ActiveCfg = Release|Any CPU
		{DECFCFA7-9B54-4A54-8D87-192D5C6D84A4}.Release|Any CPU.Build.0 = Release|Any CPU
	EndGlobalSection
	GlobalSection(SolutionProperties) = preSolution
		HideSolutionNode = FALSE
	EndGlobalSection
	GlobalSection(ExtensibilityGlobals) = postSolution
		SolutionGuid = {903B60CF-F338-48BE-A5E4-D1C604C4A585}
	EndGlobalSection
EndGlobal
